Microsoft Visual Studio Solution File, Format Version 11.00
# Visual Studio 2008

Project("{F29DB8DD-7101-AAC0-FF35-60DF8DE67046}") = "Fazendinha", "Assembly-CSharp.csproj", "{C3D730E4-641C-4B4D-3A94-D24594901739}"
EndProject
Global
	GlobalSection(SolutionConfigurationPlatforms) = preSolution
		Debug|Any CPU = Debug|Any CPU
		Release|Any CPU = Release|Any CPU
	EndGlobalSection
	GlobalSection(ProjectConfigurationPlatforms) = postSolution
		{C3D730E4-641C-4B4D-3A94-D24594901739}.Debug|Any CPU.ActiveCfg = Debug|Any CPU
		{C3D730E4-641C-4B4D-3A94-D24594901739}.Debug|Any CPU.Build.0 = Debug|Any CPU
		{C3D730E4-641C-4B4D-3A94-D24594901739}.Release|Any CPU.ActiveCfg = Release|Any CPU
		{C3D730E4-641C-4B4D-3A94-D24594901739}.Release|Any CPU.Build.0 = Release|Any CPU
	EndGlobalSection
	GlobalSection(SolutionProperties) = preSolution
		HideSolutionNode = FALSE
	EndGlobalSection
	GlobalSection(MonoDevelopProperties) = preSolution
		StartupItem = Assembly-CSharp.csproj
	EndGlobalSection
EndGlobal
